
Microsoft Visual Studio Solution File, Format Version 12.00
# Visual Studio Version 17
VisualStudioVersion = 17.0.31912.275
MinimumVisualStudioVersion = 10.0.40219.1
Project("{9A19103F-16F7-4668-BE54-9A1E7A4F7556}") = "GraphQL.WebAPI", "src\GraphQL.WebAPI\GraphQL.WebAPI.csproj", "{674999B8-51F3-40F3-8F5B-13F004627BE6}"
EndProject
Project("{FAE04EC0-301F-11D3-BF4B-00C04F79EFBC}") = "GraphQL.PreProcessingExtensions", "src\GraphQL.PreProcessingExtensions\GraphQL.PreProcessingExtensions.csproj", "{ED3054EA-C1A9-4571-BA33-30338F1F6EDB}"
EndProject
Global
	GlobalSection(SolutionConfigurationPlatforms) = preSolution
		Debug|Any CPU = Debug|Any CPU
		Release|Any CPU = Release|Any CPU
	EndGlobalSection
	GlobalSection(ProjectConfigurationPlatforms) = postSolution
		{674999B8-51F3-40F3-8F5B-13F004627BE6}.Debug|Any CPU.ActiveCfg = Debug|Any CPU
		{674999B8-51F3-40F3-8F5B-13F004627BE6}.Debug|Any CPU.Build.0 = Debug|Any CPU
		{674999B8-51F3-40F3-8F5B-13F004627BE6}.Release|Any CPU.ActiveCfg = Release|Any CPU
		{674999B8-51F3-40F3-8F5B-13F004627BE6}.Release|Any CPU.Build.0 = Release|Any CPU
		{ED3054EA-C1A9-4571-BA33-30338F1F6EDB}.Debug|Any CPU.ActiveCfg = Debug|Any CPU
		{ED3054EA-C1A9-4571-BA33-30338F1F6EDB}.Debug|Any CPU.Build.0 = Debug|Any CPU
		{ED3054EA-C1A9-4571-BA33-30338F1F6EDB}.Release|Any CPU.ActiveCfg = Release|Any CPU
		{ED3054EA-C1A9-4571-BA33-30338F1F6EDB}.Release|Any CPU.Build.0 = Release|Any CPU
	EndGlobalSection
	GlobalSection(SolutionProperties) = preSolution
		HideSolutionNode = FALSE
	EndGlobalSection
	GlobalSection(ExtensibilityGlobals) = postSolution
		SolutionGuid = {41B41DB2-C649-45A1-A3AB-D7D3F96B0109}
	EndGlobalSection
EndGlobal
